
Microsoft Visual Studio Solution File, Format Version 12.00
# Visual Studio 15
VisualStudioVersion = 15.0.28307.902
MinimumVisualStudioVersion = 10.0.40219.1
Project("{FAE04EC0-301F-11D3-BF4B-00C04F79EFBC}") = "WcfTcp.Server", "WcfTcp.Server\WcfTcp.Server.csproj", "{EFDE861E-98E3-4408-9643-DA9FA461A343}"
EndProject
Project("{FAE04EC0-301F-11D3-BF4B-00C04F79EFBC}") = "WcfTcp.Client", "WcfTcp.Client\WcfTcp.Client.csproj", "{66B79854-E0C1-45BE-8AF2-3705A3A62176}"
EndProject
Project("{FAE04EC0-301F-11D3-BF4B-00C04F79EFBC}") = "WcfTcp.Contracts", "WcfTcp.Contracts\WcfTcp.Contracts.csproj", "{7AFAE66D-DD86-44AB-B4AB-D59862B4CA66}"
EndProject
Global
	GlobalSection(SolutionConfigurationPlatforms) = preSolution
		Debug|Any CPU = Debug|Any CPU
		Release|Any CPU = Release|Any CPU
	EndGlobalSection
	GlobalSection(ProjectConfigurationPlatforms) = postSolution
		{EFDE861E-98E3-4408-9643-DA9FA461A343}.Debug|Any CPU.ActiveCfg = Debug|Any CPU
		{EFDE861E-98E3-4408-9643-DA9FA461A343}.Debug|Any CPU.Build.0 = Debug|Any CPU
		{EFDE861E-98E3-4408-9643-DA9FA461A343}.Release|Any CPU.ActiveCfg = Release|Any CPU
		{EFDE861E-98E3-4408-9643-DA9FA461A343}.Release|Any CPU.Build.0 = Release|Any CPU
		{66B79854-E0C1-45BE-8AF2-3705A3A62176}.Debug|Any CPU.ActiveCfg = Debug|Any CPU
		{66B79854-E0C1-45BE-8AF2-3705A3A62176}.Debug|Any CPU.Build.0 = Debug|Any CPU
		{66B79854-E0C1-45BE-8AF2-3705A3A62176}.Release|Any CPU.ActiveCfg = Release|Any CPU
		{66B79854-E0C1-45BE-8AF2-3705A3A62176}.Release|Any CPU.Build.0 = Release|Any CPU
		{7AFAE66D-DD86-44AB-B4AB-D59862B4CA66}.Debug|Any CPU.ActiveCfg = Debug|Any CPU
		{7AFAE66D-DD86-44AB-B4AB-D59862B4CA66}.Debug|Any CPU.Build.0 = Debug|Any CPU
		{7AFAE66D-DD86-44AB-B4AB-D59862B4CA66}.Release|Any CPU.ActiveCfg = Release|Any CPU
		{7AFAE66D-DD86-44AB-B4AB-D59862B4CA66}.Release|Any CPU.Build.0 = Release|Any CPU
	EndGlobalSection
	GlobalSection(SolutionProperties) = preSolution
		HideSolutionNode = FALSE
	EndGlobalSection
	GlobalSection(ExtensibilityGlobals) = postSolution
		SolutionGuid = {1FFF5C50-E419-42F4-B9B0-824753DF96C9}
	EndGlobalSection
EndGlobal
